
Microsoft Visual Studio Solution File, Format Version 12.00
# Visual Studio 15
VisualStudioVersion = 15.0.26730.16
MinimumVisualStudioVersion = 10.0.40219.1
Project("{FAE04EC0-301F-11D3-BF4B-00C04F79EFBC}") = "GraphingApp", "GraphingApp\GraphingApp.csproj", "{733A6710-426F-4657-983C-6064D2776DC0}"
EndProject
Global
	GlobalSection(SolutionConfigurationPlatforms) = preSolution
		Debug|Any CPU = Debug|Any CPU
		Release|Any CPU = Release|Any CPU
	EndGlobalSection
	GlobalSection(ProjectConfigurationPlatforms) = postSolution
		{733A6710-426F-4657-983C-6064D2776DC0}.Debug|Any CPU.ActiveCfg = Debug|Any CPU
		{733A6710-426F-4657-983C-6064D2776DC0}.Debug|Any CPU.Build.0 = Debug|Any CPU
		{733A6710-426F-4657-983C-6064D2776DC0}.Release|Any CPU.ActiveCfg = Release|Any CPU
		{733A6710-426F-4657-983C-6064D2776DC0}.Release|Any CPU.Build.0 = Release|Any CPU
	EndGlobalSection
	GlobalSection(SolutionProperties) = preSolution
		HideSolutionNode = FALSE
	EndGlobalSection
	GlobalSection(ExtensibilityGlobals) = postSolution
		SolutionGuid = {003041A4-9249-4C5D-A49E-0A378D67BE26}
	EndGlobalSection
EndGlobal
